// !$*UTF8*$!
{
	archiveVersion = 1;
	classes = {
	};
	objectVersion = 46;
	objects = {

/* Begin PBXBuildFile section */
		BEA9CEF0191D82300087C645 /* Foundation.framework in Frameworks */ = {isa = PBXBuildFile; fileRef = BEA9CEEF191D82300087C645 /* Foundation.framework */; };
		BEA9CEF2191D82300087C645 /* CoreGraphics.framework in Frameworks */ = {isa = PBXBuildFile; fileRef = BEA9CEF1191D82300087C645 /* CoreGraphics.framework */; };
		BEA9CEF4191D82300087C645 /* UIKit.framework in Frameworks */ = {isa = PBXBuildFile; fileRef = BEA9CEF3191D82300087C645 /* UIKit.framework */; };
		BEA9CEFA191D82300087C645 /* InfoPlist.strings in Resources */ = {isa = PBXBuildFile; fileRef = BEA9CEF8191D82300087C645 /* InfoPlist.strings */; };
		BEA9CEFC191D82300087C645 /* main.m in Sources */ = {isa = PBXBuildFile; fileRef = BEA9CEFB191D82300087C645 /* main.m */; };
		BEA9CF00191D82300087C645 /* AppDelegate.m in Sources */ = {isa = PBXBuildFile; fileRef = BEA9CEFF191D82300087C645 /* AppDelegate.m */; };
		BEA9CF03191D82300087C645 /* Main.storyboard in Resources */ = {isa = PBXBuildFile; fileRef = BEA9CF01191D82300087C645 /* Main.storyboard */; };
		BEA9CF06191D82300087C645 /* ViewController.m in Sources */ = {isa = PBXBuildFile; fileRef = BEA9CF05191D82300087C645 /* ViewController.m */; };
		BEA9CF08191D82300087C645 /* Images.xcassets in Resources */ = {isa = PBXBuildFile; fileRef = BEA9CF07191D82300087C645 /* Images.xcassets */; };
		BEA9CF0F191D82300087C645 /* XCTest.framework in Frameworks */ = {isa = PBXBuildFile; fileRef = BEA9CF0E191D82300087C645 /* XCTest.framework */; };
		BEA9CF10191D82300087C645 /* Foundation.framework in Frameworks */ = {isa = PBXBuildFile; fileRef = BEA9CEEF191D82300087C645 /* Foundation.framework */; };
		BEA9CF11191D82300087C645 /* UIKit.framework in Frameworks */ = {isa = PBXBuildFile; fileRef = BEA9CEF3191D82300087C645 /* UIKit.framework */; };
		BEA9CF19191D82300087C645 /* InfoPlist.strings in Resources */ = {isa = PBXBuildFile; fileRef = BEA9CF17191D82300087C645 /* InfoPlist.strings */; };
		BEA9CF1B191D82300087C645 /* DishWishTests.m in Sources */ = {isa = PBXBuildFile; fileRef = BEA9CF1A191D82300087C645 /* DishWishTests.m */; };
		BEA9CF36191D830E0087C645 /* DWDraggableView.m in Sources */ = {isa = PBXBuildFile; fileRef = BEA9CF25191D830E0087C645 /* DWDraggableView.m */; };
		BEA9CF37191D830E0087C645 /* DWMap.m in Sources */ = {isa = PBXBuildFile; fileRef = BEA9CF27191D830E0087C645 /* DWMap.m */; };
		BEA9CF38191D830E0087C645 /* DWMenu.m in Sources */ = {isa = PBXBuildFile; fileRef = BEA9CF29191D830E0087C645 /* DWMenu.m */; };
		BEA9CF39191D830E0087C645 /* DWOverlayView.m in Sources */ = {isa = PBXBuildFile; fileRef = BEA9CF2B191D830E0087C645 /* DWOverlayView.m */; };
		BEA9CF3A191D830E0087C645 /* DWView.m in Sources */ = {isa = PBXBuildFile; fileRef = BEA9CF2D191D830E0087C645 /* DWView.m */; };
		BEA9CF3B191D830E0087C645 /* map@2x.png in Resources */ = {isa = PBXBuildFile; fileRef = BEA9CF2F191D830E0087C645 /* map@2x.png */; };
		BEA9CF3C191D830E0087C645 /* menu@2x.png in Resources */ = {isa = PBXBuildFile; fileRef = BEA9CF30191D830E0087C645 /* menu@2x.png */; };
		BEA9CF3D191D830E0087C645 /* thumbs_down@2x.png in Resources */ = {isa = PBXBuildFile; fileRef = BEA9CF31191D830E0087C645 /* thumbs_down@2x.png */; };
		BEA9CF3E191D830E0087C645 /* thumbs_up_300x300@2x.png in Resources */ = {isa = PBXBuildFile; fileRef = BEA9CF32191D830E0087C645 /* thumbs_up_300x300@2x.png */; };
		BEA9CF3F191D830E0087C645 /* trollface_300x200@2x.png in Resources */ = {isa = PBXBuildFile; fileRef = BEA9CF33191D830E0087C645 /* trollface_300x200@2x.png */; };
		BEA9CF40191D830E0087C645 /* Place.m in Sources */ = {isa = PBXBuildFile; fileRef = BEA9CF35191D830E0087C645 /* Place.m */; };
		BEA9CF43192123870087C645 /* WindowsAzureMobileServices.framework in Frameworks */ = {isa = PBXBuildFile; fileRef = BEA9CF42192123870087C645 /* WindowsAzureMobileServices.framework */; };
		BEA9CF47192124480087C645 /* QSAzureService.m in Sources */ = {isa = PBXBuildFile; fileRef = BEA9CF46192124480087C645 /* QSAzureService.m */; };
/* End PBXBuildFile section */

/* Begin PBXContainerItemProxy section */
		BEA9CF12191D82300087C645 /* PBXContainerItemProxy */ = {
			isa = PBXContainerItemProxy;
			containerPortal = BEA9CEE4191D82300087C645 /* Project object */;
			proxyType = 1;
			remoteGlobalIDString = BEA9CEEB191D82300087C645;
			remoteInfo = DishWish;
		};
/* End PBXContainerItemProxy section */

/* Begin PBXFileReference section */
		BEA9CEEC191D82300087C645 /* DishWish.app */ = {isa = PBXFileReference; explicitFileType = wrapper.application; includeInIndex = 0; path = DishWish.app; sourceTree = BUILT_PRODUCTS_DIR; };
		BEA9CEEF191D82300087C645 /* Foundation.framework */ = {isa = PBXFileReference; lastKnownFileType = wrapper.framework; name = Foundation.framework; path = System/Library/Frameworks/Foundation.framework; sourceTree = SDKROOT; };
		BEA9CEF1191D82300087C645 /* CoreGraphics.framework */ = {isa = PBXFileReference; lastKnownFileType = wrapper.framework; name = CoreGraphics.framework; path = System/Library/Frameworks/CoreGraphics.framework; sourceTree = SDKROOT; };
		BEA9CEF3191D82300087C645 /* UIKit.framework */ = {isa = PBXFileReference; lastKnownFileType = wrapper.framework; name = UIKit.framework; path = System/Library/Frameworks/UIKit.framework; sourceTree = SDKROOT; };
		BEA9CEF7191D82300087C645 /* DishWish-Info.plist */ = {isa = PBXFileReference; lastKnownFileType = text.plist.xml; path = "DishWish-Info.plist"; sourceTree = "<group>"; };
		BEA9CEF9191D82300087C645 /* en */ = {isa = PBXFileReference; lastKnownFileType = text.plist.strings; name = en; path = en.lproj/InfoPlist.strings; sourceTree = "<group>"; };
		BEA9CEFB191D82300087C645 /* main.m */ = {isa = PBXFileReference; lastKnownFileType = sourcecode.c.objc; path = main.m; sourceTree = "<group>"; };
		BEA9CEFD191D82300087C645 /* DishWish-Prefix.pch */ = {isa = PBXFileReference; lastKnownFileType = sourcecode.c.h; path = "DishWish-Prefix.pch"; sourceTree = "<group>"; };
		BEA9CEFE191D82300087C645 /* AppDelegate.h */ = {isa = PBXFileReference; lastKnownFileType = sourcecode.c.h; path = AppDelegate.h; sourceTree = "<group>"; };
		BEA9CEFF191D82300087C645 /* AppDelegate.m */ = {isa = PBXFileReference; lastKnownFileType = sourcecode.c.objc; path = AppDelegate.m; sourceTree = "<group>"; };
		BEA9CF02191D82300087C645 /* Base */ = {isa = PBXFileReference; lastKnownFileType = file.storyboard; name = Base; path = Base.lproj/Main.storyboard; sourceTree = "<group>"; };
		BEA9CF04191D82300087C645 /* ViewController.h */ = {isa = PBXFileReference; lastKnownFileType = sourcecode.c.h; path = ViewController.h; sourceTree = "<group>"; };
		BEA9CF05191D82300087C645 /* ViewController.m */ = {isa = PBXFileReference; lastKnownFileType = sourcecode.c.objc; path = ViewController.m; sourceTree = "<group>"; };
		BEA9CF07191D82300087C645 /* Images.xcassets */ = {isa = PBXFileReference; lastKnownFileType = folder.assetcatalog; path = Images.xcassets; sourceTree = "<group>"; };
		BEA9CF0D191D82300087C645 /* DishWishTests.xctest */ = {isa = PBXFileReference; explicitFileType = wrapper.cfbundle; includeInIndex = 0; path = DishWishTests.xctest; sourceTree = BUILT_PRODUCTS_DIR; };
		BEA9CF0E191D82300087C645 /* XCTest.framework */ = {isa = PBXFileReference; lastKnownFileType = wrapper.framework; name = XCTest.framework; path = Library/Frameworks/XCTest.framework; sourceTree = DEVELOPER_DIR; };
		BEA9CF16191D82300087C645 /* DishWishTests-Info.plist */ = {isa = PBXFileReference; lastKnownFileType = text.plist.xml; path = "DishWishTests-Info.plist"; sourceTree = "<group>"; };
		BEA9CF18191D82300087C645 /* en */ = {isa = PBXFileReference; lastKnownFileType = text.plist.strings; name = en; path = en.lproj/InfoPlist.strings; sourceTree = "<group>"; };
		BEA9CF1A191D82300087C645 /* DishWishTests.m */ = {isa = PBXFileReference; lastKnownFileType = sourcecode.c.objc; path = DishWishTests.m; sourceTree = "<group>"; };
		BEA9CF24191D830E0087C645 /* DWDraggableView.h */ = {isa = PBXFileReference; fileEncoding = 4; lastKnownFileType = sourcecode.c.h; path = DWDraggableView.h; sourceTree = "<group>"; };
		BEA9CF25191D830E0087C645 /* DWDraggableView.m */ = {isa = PBXFileReference; fileEncoding = 4; lastKnownFileType = sourcecode.c.objc; path = DWDraggableView.m; sourceTree = "<group>"; };
		BEA9CF26191D830E0087C645 /* DWMap.h */ = {isa = PBXFileReference; fileEncoding = 4; lastKnownFileType = sourcecode.c.h; path = DWMap.h; sourceTree = "<group>"; };
		BEA9CF27191D830E0087C645 /* DWMap.m */ = {isa = PBXFileReference; fileEncoding = 4; lastKnownFileType = sourcecode.c.objc; path = DWMap.m; sourceTree = "<group>"; };
		BEA9CF28191D830E0087C645 /* DWMenu.h */ = {isa = PBXFileReference; fileEncoding = 4; lastKnownFileType = sourcecode.c.h; path = DWMenu.h; sourceTree = "<group>"; };
		BEA9CF29191D830E0087C645 /* DWMenu.m */ = {isa = PBXFileReference; fileEncoding = 4; lastKnownFileType = sourcecode.c.objc; path = DWMenu.m; sourceTree = "<group>"; };
		BEA9CF2A191D830E0087C645 /* DWOverlayView.h */ = {isa = PBXFileReference; fileEncoding = 4; lastKnownFileType = sourcecode.c.h; path = DWOverlayView.h; sourceTree = "<group>"; };
		BEA9CF2B191D830E0087C645 /* DWOverlayView.m */ = {isa = PBXFileReference; fileEncoding = 4; lastKnownFileType = sourcecode.c.objc; path = DWOverlayView.m; sourceTree = "<group>"; };
		BEA9CF2C191D830E0087C645 /* DWView.h */ = {isa = PBXFileReference; fileEncoding = 4; lastKnownFileType = sourcecode.c.h; path = DWView.h; sourceTree = "<group>"; };
		BEA9CF2D191D830E0087C645 /* DWView.m */ = {isa = PBXFileReference; fileEncoding = 4; lastKnownFileType = sourcecode.c.objc; path = DWView.m; sourceTree = "<group>"; };
		BEA9CF2F191D830E0087C645 /* map@2x.png */ = {isa = PBXFileReference; lastKnownFileType = image.png; path = "map@2x.png"; sourceTree = "<group>"; };
		BEA9CF30191D830E0087C645 /* menu@2x.png */ = {isa = PBXFileReference; lastKnownFileType = image.png; path = "menu@2x.png"; sourceTree = "<group>"; };
		BEA9CF31191D830E0087C645 /* thumbs_down@2x.png */ = {isa = PBXFileReference; lastKnownFileType = image.png; path = "thumbs_down@2x.png"; sourceTree = "<group>"; };
		BEA9CF32191D830E0087C645 /* thumbs_up_300x300@2x.png */ = {isa = PBXFileReference; lastKnownFileType = image.png; path = "thumbs_up_300x300@2x.png"; sourceTree = "<group>"; };
		BEA9CF33191D830E0087C645 /* trollface_300x200@2x.png */ = {isa = PBXFileReference; lastKnownFileType = image.png; path = "trollface_300x200@2x.png"; sourceTree = "<group>"; };
		BEA9CF34191D830E0087C645 /* Place.h */ = {isa = PBXFileReference; fileEncoding = 4; lastKnownFileType = sourcecode.c.h; path = Place.h; sourceTree = "<group>"; };
		BEA9CF35191D830E0087C645 /* Place.m */ = {isa = PBXFileReference; fileEncoding = 4; lastKnownFileType = sourcecode.c.objc; path = Place.m; sourceTree = "<group>"; };
		BEA9CF42192123870087C645 /* WindowsAzureMobileServices.framework */ = {isa = PBXFileReference; lastKnownFileType = wrapper.framework; path = WindowsAzureMobileServices.framework; sourceTree = "<group>"; };
		BEA9CF45192124480087C645 /* QSAzureService.h */ = {isa = PBXFileReference; fileEncoding = 4; lastKnownFileType = sourcecode.c.h; path = QSAzureService.h; sourceTree = "<group>"; };
		BEA9CF46192124480087C645 /* QSAzureService.m */ = {isa = PBXFileReference; fileEncoding = 4; lastKnownFileType = sourcecode.c.objc; path = QSAzureService.m; sourceTree = "<group>"; };
/* End PBXFileReference section */

/* Begin PBXFrameworksBuildPhase section */
		BEA9CEE9191D82300087C645 /* Frameworks */ = {
			isa = PBXFrameworksBuildPhase;
			buildActionMask = 2147483647;
			files = (
				BEA9CEF2191D82300087C645 /* CoreGraphics.framework in Frameworks */,
				BEA9CEF4191D82300087C645 /* UIKit.framework in Frameworks */,
				BEA9CF43192123870087C645 /* WindowsAzureMobileServices.framework in Frameworks */,
				BEA9CEF0191D82300087C645 /* Foundation.framework in Frameworks */,
			);
			runOnlyForDeploymentPostprocessing = 0;
		};
		BEA9CF0A191D82300087C645 /* Frameworks */ = {
			isa = PBXFrameworksBuildPhase;
			buildActionMask = 2147483647;
			files = (
				BEA9CF0F191D82300087C645 /* XCTest.framework in Frameworks */,
				BEA9CF11191D82300087C645 /* UIKit.framework in Frameworks */,
				BEA9CF10191D82300087C645 /* Foundation.framework in Frameworks */,
			);
			runOnlyForDeploymentPostprocessing = 0;
		};
/* End PBXFrameworksBuildPhase section */

/* Begin PBXGroup section */
		BEA9CEE3191D82300087C645 = {
			isa = PBXGroup;
			children = (
				BEA9CEF5191D82300087C645 /* DishWish */,
				BEA9CF14191D82300087C645 /* DishWishTests */,
				BEA9CEEE191D82300087C645 /* Frameworks */,
				BEA9CEED191D82300087C645 /* Products */,
			);
			sourceTree = "<group>";
		};
		BEA9CEED191D82300087C645 /* Products */ = {
			isa = PBXGroup;
			children = (
				BEA9CEEC191D82300087C645 /* DishWish.app */,
				BEA9CF0D191D82300087C645 /* DishWishTests.xctest */,
			);
			name = Products;
			sourceTree = "<group>";
		};
		BEA9CEEE191D82300087C645 /* Frameworks */ = {
			isa = PBXGroup;
			children = (
				BEA9CF42192123870087C645 /* WindowsAzureMobileServices.framework */,
				BEA9CEEF191D82300087C645 /* Foundation.framework */,
				BEA9CEF1191D82300087C645 /* CoreGraphics.framework */,
				BEA9CEF3191D82300087C645 /* UIKit.framework */,
				BEA9CF0E191D82300087C645 /* XCTest.framework */,
			);
			name = Frameworks;
			sourceTree = "<group>";
		};
		BEA9CEF5191D82300087C645 /* DishWish */ = {
			isa = PBXGroup;
			children = (
				BEA9CF44192124320087C645 /* Services */,
				BEA9CF41191D83250087C645 /* Models */,
				BEA9CEFE191D82300087C645 /* AppDelegate.h */,
				BEA9CEFF191D82300087C645 /* AppDelegate.m */,
				BEA9CF04191D82300087C645 /* ViewController.h */,
				BEA9CF05191D82300087C645 /* ViewController.m */,
				BEA9CF01191D82300087C645 /* Main.storyboard */,
				BEA9CF2C191D830E0087C645 /* DWView.h */,
				BEA9CF2D191D830E0087C645 /* DWView.m */,
				BEA9CF24191D830E0087C645 /* DWDraggableView.h */,
				BEA9CF25191D830E0087C645 /* DWDraggableView.m */,
				BEA9CF2A191D830E0087C645 /* DWOverlayView.h */,
				BEA9CF2B191D830E0087C645 /* DWOverlayView.m */,
				BEA9CF26191D830E0087C645 /* DWMap.h */,
				BEA9CF27191D830E0087C645 /* DWMap.m */,
				BEA9CF28191D830E0087C645 /* DWMenu.h */,
				BEA9CF29191D830E0087C645 /* DWMenu.m */,
				BEA9CF2E191D830E0087C645 /* images */,
				BEA9CF07191D82300087C645 /* Images.xcassets */,
				BEA9CEF6191D82300087C645 /* Supporting Files */,
			);
			path = DishWish;
			sourceTree = "<group>";
		};
		BEA9CEF6191D82300087C645 /* Supporting Files */ = {
			isa = PBXGroup;
			children = (
				BEA9CEF7191D82300087C645 /* DishWish-Info.plist */,
				BEA9CEF8191D82300087C645 /* InfoPlist.strings */,
				BEA9CEFB191D82300087C645 /* main.m */,
				BEA9CEFD191D82300087C645 /* DishWish-Prefix.pch */,
			);
			name = "Supporting Files";
			sourceTree = "<group>";
		};
		BEA9CF14191D82300087C645 /* DishWishTests */ = {
			isa = PBXGroup;
			children = (
				BEA9CF1A191D82300087C645 /* DishWishTests.m */,
				BEA9CF15191D82300087C645 /* Supporting Files */,
			);
			path = DishWishTests;
			sourceTree = "<group>";
		};
		BEA9CF15191D82300087C645 /* Supporting Files */ = {
			isa = PBXGroup;
			children = (
				BEA9CF16191D82300087C645 /* DishWishTests-Info.plist */,
				BEA9CF17191D82300087C645 /* InfoPlist.strings */,
			);
			name = "Supporting Files";
			sourceTree = "<group>";
		};
		BEA9CF2E191D830E0087C645 /* images */ = {
			isa = PBXGroup;
			children = (
				BEA9CF2F191D830E0087C645 /* map@2x.png */,
				BEA9CF30191D830E0087C645 /* menu@2x.png */,
				BEA9CF31191D830E0087C645 /* thumbs_down@2x.png */,
				BEA9CF32191D830E0087C645 /* thumbs_up_300x300@2x.png */,
				BEA9CF33191D830E0087C645 /* trollface_300x200@2x.png */,
			);
			path = images;
			sourceTree = "<group>";
		};
		BEA9CF41191D83250087C645 /* Models */ = {
			isa = PBXGroup;
			children = (
				BEA9CF34191D830E0087C645 /* Place.h */,
				BEA9CF35191D830E0087C645 /* Place.m */,
			);
			name = Models;
			sourceTree = "<group>";
		};
		BEA9CF44192124320087C645 /* Services */ = {
			isa = PBXGroup;
			children = (
				BEA9CF45192124480087C645 /* QSAzureService.h */,
				BEA9CF46192124480087C645 /* QSAzureService.m */,
			);
			name = Services;
			sourceTree = "<group>";
		};
/* End PBXGroup section */

/* Begin PBXNativeTarget section */
		BEA9CEEB191D82300087C645 /* DishWish */ = {
			isa = PBXNativeTarget;
			buildConfigurationList = BEA9CF1E191D82300087C645 /* Build configuration list for PBXNativeTarget "DishWish" */;
			buildPhases = (
				BEA9CEE8191D82300087C645 /* Sources */,
				BEA9CEE9191D82300087C645 /* Frameworks */,
				BEA9CEEA191D82300087C645 /* Resources */,
			);
			buildRules = (
			);
			dependencies = (
			);
			name = DishWish;
			productName = DishWish;
			productReference = BEA9CEEC191D82300087C645 /* DishWish.app */;
			productType = "com.apple.product-type.application";
		};
		BEA9CF0C191D82300087C645 /* DishWishTests */ = {
			isa = PBXNativeTarget;
			buildConfigurationList = BEA9CF21191D82300087C645 /* Build configuration list for PBXNativeTarget "DishWishTests" */;
			buildPhases = (
				BEA9CF09191D82300087C645 /* Sources */,
				BEA9CF0A191D82300087C645 /* Frameworks */,
				BEA9CF0B191D82300087C645 /* Resources */,
			);
			buildRules = (
			);
			dependencies = (
				BEA9CF13191D82300087C645 /* PBXTargetDependency */,
			);
			name = DishWishTests;
			productName = DishWishTests;
			productReference = BEA9CF0D191D82300087C645 /* DishWishTests.xctest */;
			productType = "com.apple.product-type.bundle.unit-test";
		};
/* End PBXNativeTarget section */

/* Begin PBXProject section */
		BEA9CEE4191D82300087C645 /* Project object */ = {
			isa = PBXProject;
			attributes = {
				LastUpgradeCheck = 0510;
				ORGANIZATIONNAME = DishWish;
				TargetAttributes = {
					BEA9CF0C191D82300087C645 = {
						TestTargetID = BEA9CEEB191D82300087C645;
					};
				};
			};
			buildConfigurationList = BEA9CEE7191D82300087C645 /* Build configuration list for PBXProject "DishWish" */;
			compatibilityVersion = "Xcode 3.2";
			developmentRegion = English;
			hasScannedForEncodings = 0;
			knownRegions = (
				en,
				Base,
			);
			mainGroup = BEA9CEE3191D82300087C645;
			productRefGroup = BEA9CEED191D82300087C645 /* Products */;
			projectDirPath = "";
			projectRoot = "";
			targets = (
				BEA9CEEB191D82300087C645 /* DishWish */,
				BEA9CF0C191D82300087C645 /* DishWishTests */,
			);
		};
/* End PBXProject section */

/* Begin PBXResourcesBuildPhase section */
		BEA9CEEA191D82300087C645 /* Resources */ = {
			isa = PBXResourcesBuildPhase;
			buildActionMask = 2147483647;
			files = (
				BEA9CF08191D82300087C645 /* Images.xcassets in Resources */,
				BEA9CF3E191D830E0087C645 /* thumbs_up_300x300@2x.png in Resources */,
				BEA9CF3B191D830E0087C645 /* map@2x.png in Resources */,
				BEA9CF3C191D830E0087C645 /* menu@2x.png in Resources */,
				BEA9CEFA191D82300087C645 /* InfoPlist.strings in Resources */,
				BEA9CF3F191D830E0087C645 /* trollface_300x200@2x.png in Resources */,
				BEA9CF03191D82300087C645 /* Main.storyboard in Resources */,
				BEA9CF3D191D830E0087C645 /* thumbs_down@2x.png in Resources */,
			);
			runOnlyForDeploymentPostprocessing = 0;
		};
		BEA9CF0B191D82300087C645 /* Resources */ = {
			isa = PBXResourcesBuildPhase;
			buildActionMask = 2147483647;
			files = (
				BEA9CF19191D82300087C645 /* InfoPlist.strings in Resources */,
			);
			runOnlyForDeploymentPostprocessing = 0;
		};
/* End PBXResourcesBuildPhase section */

/* Begin PBXSourcesBuildPhase section */
		BEA9CEE8191D82300087C645 /* Sources */ = {
			isa = PBXSourcesBuildPhase;
			buildActionMask = 2147483647;
			files = (
				BEA9CF06191D82300087C645 /* ViewController.m in Sources */,
				BEA9CF3A191D830E0087C645 /* DWView.m in Sources */,
				BEA9CF38191D830E0087C645 /* DWMenu.m in Sources */,
				BEA9CF39191D830E0087C645 /* DWOverlayView.m in Sources */,
				BEA9CF00191D82300087C645 /* AppDelegate.m in Sources */,
				BEA9CF47192124480087C645 /* QSAzureService.m in Sources */,
				BEA9CF37191D830E0087C645 /* DWMap.m in Sources */,
				BEA9CF40191D830E0087C645 /* Place.m in Sources */,
				BEA9CEFC191D82300087C645 /* main.m in Sources */,
				BEA9CF36191D830E0087C645 /* DWDraggableView.m in Sources */,
			);
			runOnlyForDeploymentPostprocessing = 0;
		};
		BEA9CF09191D82300087C645 /* Sources */ = {
			isa = PBXSourcesBuildPhase;
			buildActionMask = 2147483647;
			files = (
				BEA9CF1B191D82300087C645 /* DishWishTests.m in Sources */,
			);
			runOnlyForDeploymentPostprocessing = 0;
		};
/* End PBXSourcesBuildPhase section */

/* Begin PBXTargetDependency section */
		BEA9CF13191D82300087C645 /* PBXTargetDependency */ = {
			isa = PBXTargetDependency;
			target = BEA9CEEB191D82300087C645 /* DishWish */;
			targetProxy = BEA9CF12191D82300087C645 /* PBXContainerItemProxy */;
		};
/* End PBXTargetDependency section */

/* Begin PBXVariantGroup section */
		BEA9CEF8191D82300087C645 /* InfoPlist.strings */ = {
			isa = PBXVariantGroup;
			children = (
				BEA9CEF9191D82300087C645 /* en */,
			);
			name = InfoPlist.strings;
			sourceTree = "<group>";
		};
		BEA9CF01191D82300087C645 /* Main.storyboard */ = {
			isa = PBXVariantGroup;
			children = (
				BEA9CF02191D82300087C645 /* Base */,
			);
			name = Main.storyboard;
			sourceTree = "<group>";
		};
		BEA9CF17191D82300087C645 /* InfoPlist.strings */ = {
			isa = PBXVariantGroup;
			children = (
				BEA9CF18191D82300087C645 /* en */,
			);
			name = InfoPlist.strings;
			sourceTree = "<group>";
		};
/* End PBXVariantGroup section */

/* Begin XCBuildConfiguration section */
		BEA9CF1C191D82300087C645 /* Debug */ = {
			isa = XCBuildConfiguration;
			buildSettings = {
				ALWAYS_SEARCH_USER_PATHS = NO;
				CLANG_CXX_LANGUAGE_STANDARD = "gnu++0x";
				CLANG_CXX_LIBRARY = "libc++";
				CLANG_ENABLE_MODULES = YES;
				CLANG_ENABLE_OBJC_ARC = YES;
				CLANG_WARN_BOOL_CONVERSION = YES;
				CLANG_WARN_CONSTANT_CONVERSION = YES;
				CLANG_WARN_DIRECT_OBJC_ISA_USAGE = YES_ERROR;
				CLANG_WARN_EMPTY_BODY = YES;
				CLANG_WARN_ENUM_CONVERSION = YES;
				CLANG_WARN_INT_CONVERSION = YES;
				CLANG_WARN_OBJC_ROOT_CLASS = YES_ERROR;
				CLANG_WARN__DUPLICATE_METHOD_MATCH = YES;
				"CODE_SIGN_IDENTITY[sdk=iphoneos*]" = "iPhone Developer";
				COPY_PHASE_STRIP = NO;
				GCC_C_LANGUAGE_STANDARD = gnu99;
				GCC_DYNAMIC_NO_PIC = NO;
				GCC_OPTIMIZATION_LEVEL = 0;
				GCC_PREPROCESSOR_DEFINITIONS = (
					"DEBUG=1",
					"$(inherited)",
				);
				GCC_SYMBOLS_PRIVATE_EXTERN = NO;
				GCC_WARN_64_TO_32_BIT_CONVERSION = YES;
				GCC_WARN_ABOUT_RETURN_TYPE = YES_ERROR;
				GCC_WARN_UNDECLARED_SELECTOR = YES;
				GCC_WARN_UNINITIALIZED_AUTOS = YES_AGGRESSIVE;
				GCC_WARN_UNUSED_FUNCTION = YES;
				GCC_WARN_UNUSED_VARIABLE = YES;
				IPHONEOS_DEPLOYMENT_TARGET = 7.1;
				ONLY_ACTIVE_ARCH = YES;
				SDKROOT = iphoneos;
			};
			name = Debug;
		};
		BEA9CF1D191D82300087C645 /* Release */ = {
			isa = XCBuildConfiguration;
			buildSettings = {
				ALWAYS_SEARCH_USER_PATHS = NO;
				CLANG_CXX_LANGUAGE_STANDARD = "gnu++0x";
				CLANG_CXX_LIBRARY = "libc++";
				CLANG_ENABLE_MODULES = YES;
				CLANG_ENABLE_OBJC_ARC = YES;
				CLANG_WARN_BOOL_CONVERSION = YES;
				CLANG_WARN_CONSTANT_CONVERSION = YES;
				CLANG_WARN_DIRECT_OBJC_ISA_USAGE = YES_ERROR;
				CLANG_WARN_EMPTY_BODY = YES;
				CLANG_WARN_ENUM_CONVERSION = YES;
				CLANG_WARN_INT_CONVERSION = YES;
				CLANG_WARN_OBJC_ROOT_CLASS = YES_ERROR;
				CLANG_WARN__DUPLICATE_METHOD_MATCH = YES;
				"CODE_SIGN_IDENTITY[sdk=iphoneos*]" = "iPhone Developer";
				COPY_PHASE_STRIP = YES;
				ENABLE_NS_ASSERTIONS = NO;
				GCC_C_LANGUAGE_STANDARD = gnu99;
				GCC_WARN_64_TO_32_BIT_CONVERSION = YES;
				GCC_WARN_ABOUT_RETURN_TYPE = YES_ERROR;
				GCC_WARN_UNDECLARED_SELECTOR = YES;
				GCC_WARN_UNINITIALIZED_AUTOS = YES_AGGRESSIVE;
				GCC_WARN_UNUSED_FUNCTION = YES;
				GCC_WARN_UNUSED_VARIABLE = YES;
				IPHONEOS_DEPLOYMENT_TARGET = 7.1;
				SDKROOT = iphoneos;
				VALIDATE_PRODUCT = YES;
			};
			name = Release;
		};
		BEA9CF1F191D82300087C645 /* Debug */ = {
			isa = XCBuildConfiguration;
			buildSettings = {
				ASSETCATALOG_COMPILER_APPICON_NAME = AppIcon;
				ASSETCATALOG_COMPILER_LAUNCHIMAGE_NAME = LaunchImage;
				FRAMEWORK_SEARCH_PATHS = (
					"$(inherited)",
					"$(PROJECT_DIR)",
				);
				GCC_PRECOMPILE_PREFIX_HEADER = YES;
				GCC_PREFIX_HEADER = "DishWish/DishWish-Prefix.pch";
				INFOPLIST_FILE = "DishWish/DishWish-Info.plist";
				PRODUCT_NAME = "$(TARGET_NAME)";
				WRAPPER_EXTENSION = app;
			};
			name = Debug;
		};
		BEA9CF20191D82300087C645 /* Release */ = {
			isa = XCBuildConfiguration;
			buildSettings = {
				ASSETCATALOG_COMPILER_APPICON_NAME = AppIcon;
				ASSETCATALOG_COMPILER_LAUNCHIMAGE_NAME = LaunchImage;
				FRAMEWORK_SEARCH_PATHS = (
					"$(inherited)",
					"$(PROJECT_DIR)",
				);
				GCC_PRECOMPILE_PREFIX_HEADER = YES;
				GCC_PREFIX_HEADER = "DishWish/DishWish-Prefix.pch";
				INFOPLIST_FILE = "DishWish/DishWish-Info.plist";
				PRODUCT_NAME = "$(TARGET_NAME)";
				WRAPPER_EXTENSION = app;
			};
			name = Release;
		};
		BEA9CF22191D82300087C645 /* Debug */ = {
			isa = XCBuildConfiguration;
			buildSettings = {
				BUNDLE_LOADER = "$(BUILT_PRODUCTS_DIR)/DishWish.app/DishWish";
				FRAMEWORK_SEARCH_PATHS = (
					"$(SDKROOT)/Developer/Library/Frameworks",
					"$(inherited)",
					"$(DEVELOPER_FRAMEWORKS_DIR)",
				);
				GCC_PRECOMPILE_PREFIX_HEADER = YES;
				GCC_PREFIX_HEADER = "DishWish/DishWish-Prefix.pch";
				GCC_PREPROCESSOR_DEFINITIONS = (
					"DEBUG=1",
					"$(inherited)",
				);
				INFOPLIST_FILE = "DishWishTests/DishWishTests-Info.plist";
				PRODUCT_NAME = "$(TARGET_NAME)";
				TEST_HOST = "$(BUNDLE_LOADER)";
				WRAPPER_EXTENSION = xctest;
			};
			name = Debug;
		};
		BEA9CF23191D82300087C645 /* Release */ = {
			isa = XCBuildConfiguration;
			buildSettings = {
				BUNDLE_LOADER = "$(BUILT_PRODUCTS_DIR)/DishWish.app/DishWish";
				FRAMEWORK_SEARCH_PATHS = (
					"$(SDKROOT)/Developer/Library/Frameworks",
					"$(inherited)",
					"$(DEVELOPER_FRAMEWORKS_DIR)",
				);
				GCC_PRECOMPILE_PREFIX_HEADER = YES;
				GCC_PREFIX_HEADER = "DishWish/DishWish-Prefix.pch";
				INFOPLIST_FILE = "DishWishTests/DishWishTests-Info.plist";
				PRODUCT_NAME = "$(TARGET_NAME)";
				TEST_HOST = "$(BUNDLE_LOADER)";
				WRAPPER_EXTENSION = xctest;
			};
			name = Release;
		};
/* End XCBuildConfiguration section */

/* Begin XCConfigurationList section */
		BEA9CEE7191D82300087C645 /* Build configuration list for PBXProject "DishWish" */ = {
			isa = XCConfigurationList;
			buildConfigurations = (
				BEA9CF1C191D82300087C645 /* Debug */,
				BEA9CF1D191D82300087C645 /* Release */,
			);
			defaultConfigurationIsVisible = 0;
			defaultConfigurationName = Release;
		};
		BEA9CF1E191D82300087C645 /* Build configuration list for PBXNativeTarget "DishWish" */ = {
			isa = XCConfigurationList;
			buildConfigurations = (
				BEA9CF1F191D82300087C645 /* Debug */,
				BEA9CF20191D82300087C645 /* Release */,
			);
			defaultConfigurationIsVisible = 0;
			defaultConfigurationName = Release;
		};
		BEA9CF21191D82300087C645 /* Build configuration list for PBXNativeTarget "DishWishTests" */ = {
			isa = XCConfigurationList;
			buildConfigurations = (
				BEA9CF22191D82300087C645 /* Debug */,
				BEA9CF23191D82300087C645 /* Release */,
			);
			defaultConfigurationIsVisible = 0;
			defaultConfigurationName = Release;
		};
/* End XCConfigurationList section */
	};
	rootObject = BEA9CEE4191D82300087C645 /* Project object */;
}
